
Microsoft Visual Studio Solution File, Format Version 11.00
# Visual Studio 2010
Project("{FAE04EC0-301F-11D3-BF4B-00C04F79EFBC}") = "bombermanXNA", "bombermanXNA\bombermanXNA\bombermanXNA.csproj", "{EFCB52E7-131F-447F-98CE-0690E6EA3271}"
EndProject
Project("{96E2B04D-8817-42C6-938A-82C39BA4D311}") = "bombermanXNAContent", "bombermanXNA\bombermanXNAContent\bombermanXNAContent.contentproj", "{0572E1AA-83EE-406B-8E1B-D78E80E3501F}"
EndProject
Global
	GlobalSection(SolutionConfigurationPlatforms) = preSolution
		Debug|x86 = Debug|x86
		Release|x86 = Release|x86
	EndGlobalSection
	GlobalSection(ProjectConfigurationPlatforms) = postSolution
		{EFCB52E7-131F-447F-98CE-0690E6EA3271}.Debug|x86.ActiveCfg = Debug|x86
		{EFCB52E7-131F-447F-98CE-0690E6EA3271}.Debug|x86.Build.0 = Debug|x86
		{EFCB52E7-131F-447F-98CE-0690E6EA3271}.Release|x86.ActiveCfg = Release|x86
		{EFCB52E7-131F-447F-98CE-0690E6EA3271}.Release|x86.Build.0 = Release|x86
		{0572E1AA-83EE-406B-8E1B-D78E80E3501F}.Debug|x86.ActiveCfg = Debug|x86
		{0572E1AA-83EE-406B-8E1B-D78E80E3501F}.Release|x86.ActiveCfg = Release|x86
	EndGlobalSection
	GlobalSection(SolutionProperties) = preSolution
		HideSolutionNode = FALSE
	EndGlobalSection
EndGlobal
